
Microsoft Visual Studio Solution File, Format Version 12.00
# Visual Studio 15
VisualStudioVersion = 15.0.27703.2042
MinimumVisualStudioVersion = 10.0.40219.1
Project("{FAE04EC0-301F-11D3-BF4B-00C04F79EFBC}") = "SimpleAzureFileServiceDemo", "SimpleAzureFileServiceDemo\SimpleAzureFileServiceDemo.csproj", "{E0754376-5865-4468-9186-1A0C65D027E9}"
EndProject
Project("{FAE04EC0-301F-11D3-BF4B-00C04F79EFBC}") = "SimpleAzureFileServiceDemoTests", "SimpleAzureFileServiceDemoTests\SimpleAzureFileServiceDemoTests.csproj", "{3BB78B6E-9F13-4E99-8462-B7C0EA72620C}"
EndProject
Global
	GlobalSection(SolutionConfigurationPlatforms) = preSolution
		Debug|Any CPU = Debug|Any CPU
		Release|Any CPU = Release|Any CPU
	EndGlobalSection
	GlobalSection(ProjectConfigurationPlatforms) = postSolution
		{E0754376-5865-4468-9186-1A0C65D027E9}.Debug|Any CPU.ActiveCfg = Debug|Any CPU
		{E0754376-5865-4468-9186-1A0C65D027E9}.Debug|Any CPU.Build.0 = Debug|Any CPU
		{E0754376-5865-4468-9186-1A0C65D027E9}.Release|Any CPU.ActiveCfg = Release|Any CPU
		{E0754376-5865-4468-9186-1A0C65D027E9}.Release|Any CPU.Build.0 = Release|Any CPU
		{3BB78B6E-9F13-4E99-8462-B7C0EA72620C}.Debug|Any CPU.ActiveCfg = Debug|Any CPU
		{3BB78B6E-9F13-4E99-8462-B7C0EA72620C}.Debug|Any CPU.Build.0 = Debug|Any CPU
		{3BB78B6E-9F13-4E99-8462-B7C0EA72620C}.Release|Any CPU.ActiveCfg = Release|Any CPU
		{3BB78B6E-9F13-4E99-8462-B7C0EA72620C}.Release|Any CPU.Build.0 = Release|Any CPU
	EndGlobalSection
	GlobalSection(SolutionProperties) = preSolution
		HideSolutionNode = FALSE
	EndGlobalSection
	GlobalSection(ExtensibilityGlobals) = postSolution
		SolutionGuid = {BFBB3D21-356B-4D34-867C-C3614A38D931}
	EndGlobalSection
EndGlobal
